
Microsoft Visual Studio Solution File, Format Version 12.00
# Visual Studio 15
VisualStudioVersion = 15.0.28307.489
MinimumVisualStudioVersion = 10.0.40219.1
Project("{8BC9CEB8-8B4A-11D0-8D11-00A0C91BC942}") = "adjastment", "adjastment\adjastment.vcxproj", "{14C87B6A-2541-4AF8-8E5E-A441B048D8F5}"
EndProject
Global
	GlobalSection(SolutionConfigurationPlatforms) = preSolution
		Debug|x64 = Debug|x64
		Debug|x86 = Debug|x86
		Release|x64 = Release|x64
		Release|x86 = Release|x86
	EndGlobalSection
	GlobalSection(ProjectConfigurationPlatforms) = postSolution
		{14C87B6A-2541-4AF8-8E5E-A441B048D8F5}.Debug|x64.ActiveCfg = Debug|x64
		{14C87B6A-2541-4AF8-8E5E-A441B048D8F5}.Debug|x64.Build.0 = Debug|x64
		{14C87B6A-2541-4AF8-8E5E-A441B048D8F5}.Debug|x86.ActiveCfg = Debug|Win32
		{14C87B6A-2541-4AF8-8E5E-A441B048D8F5}.Debug|x86.Build.0 = Debug|Win32
		{14C87B6A-2541-4AF8-8E5E-A441B048D8F5}.Release|x64.ActiveCfg = Release|x64
		{14C87B6A-2541-4AF8-8E5E-A441B048D8F5}.Release|x64.Build.0 = Release|x64
		{14C87B6A-2541-4AF8-8E5E-A441B048D8F5}.Release|x86.ActiveCfg = Release|Win32
		{14C87B6A-2541-4AF8-8E5E-A441B048D8F5}.Release|x86.Build.0 = Release|Win32
	EndGlobalSection
	GlobalSection(SolutionProperties) = preSolution
		HideSolutionNode = FALSE
	EndGlobalSection
	GlobalSection(ExtensibilityGlobals) = postSolution
		SolutionGuid = {B654795A-1A04-4348-828C-4F426CDA157A}
	EndGlobalSection
EndGlobal
